
Microsoft Visual Studio Solution File, Format Version 12.00
# Visual Studio Version 17
VisualStudioVersion = 17.9.34622.214
MinimumVisualStudioVersion = 10.0.40219.1
Project("{FAE04EC0-301F-11D3-BF4B-00C04F79EFBC}") = "sistema-bancario-api", "sistema-bancario-api\sistema-bancario-api.csproj", "{C7B206C2-88F6-4816-AEE6-D4BE56B66A60}"
EndProject
Global
	GlobalSection(SolutionConfigurationPlatforms) = preSolution
		Debug|Any CPU = Debug|Any CPU
		Release|Any CPU = Release|Any CPU
	EndGlobalSection
	GlobalSection(ProjectConfigurationPlatforms) = postSolution
		{C7B206C2-88F6-4816-AEE6-D4BE56B66A60}.Debug|Any CPU.ActiveCfg = Debug|Any CPU
		{C7B206C2-88F6-4816-AEE6-D4BE56B66A60}.Debug|Any CPU.Build.0 = Debug|Any CPU
		{C7B206C2-88F6-4816-AEE6-D4BE56B66A60}.Release|Any CPU.ActiveCfg = Release|Any CPU
		{C7B206C2-88F6-4816-AEE6-D4BE56B66A60}.Release|Any CPU.Build.0 = Release|Any CPU
	EndGlobalSection
	GlobalSection(SolutionProperties) = preSolution
		HideSolutionNode = FALSE
	EndGlobalSection
	GlobalSection(ExtensibilityGlobals) = postSolution
		SolutionGuid = {81D82FCD-AEB0-4760-ACF3-E702C4C10894}
	EndGlobalSection
EndGlobal
